// !$*UTF8*$!
{
	archiveVersion = 1;
	classes = {
	};
	objectVersion = 50;
	objects = {

/* Begin PBXBuildFile section */
		107BAE8AF7BDCBE0B08B7C08 /* Pods_HackTIM.framework in Frameworks */ = {isa = PBXBuildFile; fileRef = 1A7058D23DF749502A3B07DA /* Pods_HackTIM.framework */; };
		9D82EF9B24AE7C7F00DB2173 /* AppDelegate.swift in Sources */ = {isa = PBXBuildFile; fileRef = 9D82EF9A24AE7C7F00DB2173 /* AppDelegate.swift */; };
		9D82EF9D24AE7C7F00DB2173 /* SceneDelegate.swift in Sources */ = {isa = PBXBuildFile; fileRef = 9D82EF9C24AE7C7F00DB2173 /* SceneDelegate.swift */; };
		9D82EF9F24AE7C7F00DB2173 /* ViewController.swift in Sources */ = {isa = PBXBuildFile; fileRef = 9D82EF9E24AE7C7F00DB2173 /* ViewController.swift */; };
		9D82EFA224AE7C7F00DB2173 /* Main.storyboard in Resources */ = {isa = PBXBuildFile; fileRef = 9D82EFA024AE7C7F00DB2173 /* Main.storyboard */; };
		9D82EFA524AE7C7F00DB2173 /* HackTIM.xcdatamodeld in Sources */ = {isa = PBXBuildFile; fileRef = 9D82EFA324AE7C7F00DB2173 /* HackTIM.xcdatamodeld */; };
		9D82EFA724AE7C8200DB2173 /* Assets.xcassets in Resources */ = {isa = PBXBuildFile; fileRef = 9D82EFA624AE7C8200DB2173 /* Assets.xcassets */; };
		9D82EFAA24AE7C8200DB2173 /* LaunchScreen.storyboard in Resources */ = {isa = PBXBuildFile; fileRef = 9D82EFA824AE7C8200DB2173 /* LaunchScreen.storyboard */; };
		9D82EFB224AE7D1A00DB2173 /* ViewControllerTableViewCell.swift in Sources */ = {isa = PBXBuildFile; fileRef = 9D82EFB124AE7D1A00DB2173 /* ViewControllerTableViewCell.swift */; };
		9D82EFB424AE7D6300DB2173 /* Piazza.swift in Sources */ = {isa = PBXBuildFile; fileRef = 9D82EFB324AE7D6300DB2173 /* Piazza.swift */; };
/* End PBXBuildFile section */

/* Begin PBXFileReference section */
		1A7058D23DF749502A3B07DA /* Pods_HackTIM.framework */ = {isa = PBXFileReference; explicitFileType = wrapper.framework; includeInIndex = 0; path = Pods_HackTIM.framework; sourceTree = BUILT_PRODUCTS_DIR; };
		77205EC57EC04F33A81AC07D /* Pods-HackTIM.debug.xcconfig */ = {isa = PBXFileReference; includeInIndex = 1; lastKnownFileType = text.xcconfig; name = "Pods-HackTIM.debug.xcconfig"; path = "Target Support Files/Pods-HackTIM/Pods-HackTIM.debug.xcconfig"; sourceTree = "<group>"; };
		9D82EF9724AE7C7F00DB2173 /* HackTIM.app */ = {isa = PBXFileReference; explicitFileType = wrapper.application; includeInIndex = 0; path = HackTIM.app; sourceTree = BUILT_PRODUCTS_DIR; };
		9D82EF9A24AE7C7F00DB2173 /* AppDelegate.swift */ = {isa = PBXFileReference; lastKnownFileType = sourcecode.swift; path = AppDelegate.swift; sourceTree = "<group>"; };
		9D82EF9C24AE7C7F00DB2173 /* SceneDelegate.swift */ = {isa = PBXFileReference; lastKnownFileType = sourcecode.swift; path = SceneDelegate.swift; sourceTree = "<group>"; };
		9D82EF9E24AE7C7F00DB2173 /* ViewController.swift */ = {isa = PBXFileReference; lastKnownFileType = sourcecode.swift; path = ViewController.swift; sourceTree = "<group>"; };
		9D82EFA124AE7C7F00DB2173 /* Base */ = {isa = PBXFileReference; lastKnownFileType = file.storyboard; name = Base; path = Base.lproj/Main.storyboard; sourceTree = "<group>"; };
		9D82EFA424AE7C7F00DB2173 /* HackTIM.xcdatamodel */ = {isa = PBXFileReference; lastKnownFileType = wrapper.xcdatamodel; path = HackTIM.xcdatamodel; sourceTree = "<group>"; };
		9D82EFA624AE7C8200DB2173 /* Assets.xcassets */ = {isa = PBXFileReference; lastKnownFileType = folder.assetcatalog; path = Assets.xcassets; sourceTree = "<group>"; };
		9D82EFA924AE7C8200DB2173 /* Base */ = {isa = PBXFileReference; lastKnownFileType = file.storyboard; name = Base; path = Base.lproj/LaunchScreen.storyboard; sourceTree = "<group>"; };
		9D82EFAB24AE7C8200DB2173 /* Info.plist */ = {isa = PBXFileReference; lastKnownFileType = text.plist.xml; path = Info.plist; sourceTree = "<group>"; };
		9D82EFB124AE7D1A00DB2173 /* ViewControllerTableViewCell.swift */ = {isa = PBXFileReference; lastKnownFileType = sourcecode.swift; path = ViewControllerTableViewCell.swift; sourceTree = "<group>"; };
		9D82EFB324AE7D6300DB2173 /* Piazza.swift */ = {isa = PBXFileReference; lastKnownFileType = sourcecode.swift; path = Piazza.swift; sourceTree = "<group>"; };
		DECCBC875B14D82C0943B544 /* Pods-HackTIM.release.xcconfig */ = {isa = PBXFileReference; includeInIndex = 1; lastKnownFileType = text.xcconfig; name = "Pods-HackTIM.release.xcconfig"; path = "Target Support Files/Pods-HackTIM/Pods-HackTIM.release.xcconfig"; sourceTree = "<group>"; };
/* End PBXFileReference section */

/* Begin PBXFrameworksBuildPhase section */
		9D82EF9424AE7C7F00DB2173 /* Frameworks */ = {
			isa = PBXFrameworksBuildPhase;
			buildActionMask = 2147483647;
			files = (
				107BAE8AF7BDCBE0B08B7C08 /* Pods_HackTIM.framework in Frameworks */,
			);
			runOnlyForDeploymentPostprocessing = 0;
		};
/* End PBXFrameworksBuildPhase section */

/* Begin PBXGroup section */
		4B2C7EBDE910173CA6B1CA70 /* Pods */ = {
			isa = PBXGroup;
			children = (
				77205EC57EC04F33A81AC07D /* Pods-HackTIM.debug.xcconfig */,
				DECCBC875B14D82C0943B544 /* Pods-HackTIM.release.xcconfig */,
			);
			name = Pods;
			path = Pods;
			sourceTree = "<group>";
		};
		9D82EF8E24AE7C7F00DB2173 = {
			isa = PBXGroup;
			children = (
				9D82EF9924AE7C7F00DB2173 /* HackTIM */,
				9D82EF9824AE7C7F00DB2173 /* Products */,
				4B2C7EBDE910173CA6B1CA70 /* Pods */,
				AD05395E1AA42806C3A30CA1 /* Frameworks */,
			);
			sourceTree = "<group>";
		};
		9D82EF9824AE7C7F00DB2173 /* Products */ = {
			isa = PBXGroup;
			children = (
				9D82EF9724AE7C7F00DB2173 /* HackTIM.app */,
			);
			name = Products;
			sourceTree = "<group>";
		};
		9D82EF9924AE7C7F00DB2173 /* HackTIM */ = {
			isa = PBXGroup;
			children = (
				9D82EF9A24AE7C7F00DB2173 /* AppDelegate.swift */,
				9D82EF9C24AE7C7F00DB2173 /* SceneDelegate.swift */,
				9D82EF9E24AE7C7F00DB2173 /* ViewController.swift */,
				9D82EFB124AE7D1A00DB2173 /* ViewControllerTableViewCell.swift */,
				9D82EFB324AE7D6300DB2173 /* Piazza.swift */,
				9D82EFA024AE7C7F00DB2173 /* Main.storyboard */,
				9D82EFA624AE7C8200DB2173 /* Assets.xcassets */,
				9D82EFA824AE7C8200DB2173 /* LaunchScreen.storyboard */,
				9D82EFAB24AE7C8200DB2173 /* Info.plist */,
				9D82EFA324AE7C7F00DB2173 /* HackTIM.xcdatamodeld */,
			);
			path = HackTIM;
			sourceTree = "<group>";
		};
		AD05395E1AA42806C3A30CA1 /* Frameworks */ = {
			isa = PBXGroup;
			children = (
				1A7058D23DF749502A3B07DA /* Pods_HackTIM.framework */,
			);
			name = Frameworks;
			sourceTree = "<group>";
		};
/* End PBXGroup section */

/* Begin PBXNativeTarget section */
		9D82EF9624AE7C7F00DB2173 /* HackTIM */ = {
			isa = PBXNativeTarget;
			buildConfigurationList = 9D82EFAE24AE7C8200DB2173 /* Build configuration list for PBXNativeTarget "HackTIM" */;
			buildPhases = (
				BBB1EFEF09547E6C23F9BAF7 /* [CP] Check Pods Manifest.lock */,
				9D82EF9324AE7C7F00DB2173 /* Sources */,
				9D82EF9424AE7C7F00DB2173 /* Frameworks */,
				9D82EF9524AE7C7F00DB2173 /* Resources */,
				3A60B217C292E8817EE12BED /* [CP] Embed Pods Frameworks */,
			);
			buildRules = (
			);
			dependencies = (
			);
			name = HackTIM;
			productName = HackTIM;
			productReference = 9D82EF9724AE7C7F00DB2173 /* HackTIM.app */;
			productType = "com.apple.product-type.application";
		};
/* End PBXNativeTarget section */

/* Begin PBXProject section */
		9D82EF8F24AE7C7F00DB2173 /* Project object */ = {
			isa = PBXProject;
			attributes = {
				LastSwiftUpdateCheck = 1140;
				LastUpgradeCheck = 1140;
				ORGANIZATIONNAME = "Antonio Cangiano";
				TargetAttributes = {
					9D82EF9624AE7C7F00DB2173 = {
						CreatedOnToolsVersion = 11.4.1;
					};
				};
			};
			buildConfigurationList = 9D82EF9224AE7C7F00DB2173 /* Build configuration list for PBXProject "HackTIM" */;
			compatibilityVersion = "Xcode 9.3";
			developmentRegion = en;
			hasScannedForEncodings = 0;
			knownRegions = (
				en,
				Base,
			);
			mainGroup = 9D82EF8E24AE7C7F00DB2173;
			productRefGroup = 9D82EF9824AE7C7F00DB2173 /* Products */;
			projectDirPath = "";
			projectRoot = "";
			targets = (
				9D82EF9624AE7C7F00DB2173 /* HackTIM */,
			);
		};
/* End PBXProject section */

/* Begin PBXResourcesBuildPhase section */
		9D82EF9524AE7C7F00DB2173 /* Resources */ = {
			isa = PBXResourcesBuildPhase;
			buildActionMask = 2147483647;
			files = (
				9D82EFAA24AE7C8200DB2173 /* LaunchScreen.storyboard in Resources */,
				9D82EFA724AE7C8200DB2173 /* Assets.xcassets in Resources */,
				9D82EFA224AE7C7F00DB2173 /* Main.storyboard in Resources */,
			);
			runOnlyForDeploymentPostprocessing = 0;
		};
/* End PBXResourcesBuildPhase section */

/* Begin PBXShellScriptBuildPhase section */
		3A60B217C292E8817EE12BED /* [CP] Embed Pods Frameworks */ = {
			isa = PBXShellScriptBuildPhase;
			buildActionMask = 2147483647;
			files = (
			);
			inputFileListPaths = (
				"${PODS_ROOT}/Target Support Files/Pods-HackTIM/Pods-HackTIM-frameworks-${CONFIGURATION}-input-files.xcfilelist",
			);
			name = "[CP] Embed Pods Frameworks";
			outputFileListPaths = (
				"${PODS_ROOT}/Target Support Files/Pods-HackTIM/Pods-HackTIM-frameworks-${CONFIGURATION}-output-files.xcfilelist",
			);
			runOnlyForDeploymentPostprocessing = 0;
			shellPath = /bin/sh;
			shellScript = "\"${PODS_ROOT}/Target Support Files/Pods-HackTIM/Pods-HackTIM-frameworks.sh\"\n";
			showEnvVarsInLog = 0;
		};
		BBB1EFEF09547E6C23F9BAF7 /* [CP] Check Pods Manifest.lock */ = {
			isa = PBXShellScriptBuildPhase;
			buildActionMask = 2147483647;
			files = (
			);
			inputFileListPaths = (
			);
			inputPaths = (
				"${PODS_PODFILE_DIR_PATH}/Podfile.lock",
				"${PODS_ROOT}/Manifest.lock",
			);
			name = "[CP] Check Pods Manifest.lock";
			outputFileListPaths = (
			);
			outputPaths = (
				"$(DERIVED_FILE_DIR)/Pods-HackTIM-checkManifestLockResult.txt",
			);
			runOnlyForDeploymentPostprocessing = 0;
			shellPath = /bin/sh;
			shellScript = "diff \"${PODS_PODFILE_DIR_PATH}/Podfile.lock\" \"${PODS_ROOT}/Manifest.lock\" > /dev/null\nif [ $? != 0 ] ; then\n    # print error to STDERR\n    echo \"error: The sandbox is not in sync with the Podfile.lock. Run 'pod install' or update your CocoaPods installation.\" >&2\n    exit 1\nfi\n# This output is used by Xcode 'outputs' to avoid re-running this script phase.\necho \"SUCCESS\" > \"${SCRIPT_OUTPUT_FILE_0}\"\n";
			showEnvVarsInLog = 0;
		};
/* End PBXShellScriptBuildPhase section */

/* Begin PBXSourcesBuildPhase section */
		9D82EF9324AE7C7F00DB2173 /* Sources */ = {
			isa = PBXSourcesBuildPhase;
			buildActionMask = 2147483647;
			files = (
				9D82EF9F24AE7C7F00DB2173 /* ViewController.swift in Sources */,
				9D82EFA524AE7C7F00DB2173 /* HackTIM.xcdatamodeld in Sources */,
				9D82EFB424AE7D6300DB2173 /* Piazza.swift in Sources */,
				9D82EFB224AE7D1A00DB2173 /* ViewControllerTableViewCell.swift in Sources */,
				9D82EF9B24AE7C7F00DB2173 /* AppDelegate.swift in Sources */,
				9D82EF9D24AE7C7F00DB2173 /* SceneDelegate.swift in Sources */,
			);
			runOnlyForDeploymentPostprocessing = 0;
		};
/* End PBXSourcesBuildPhase section */

/* Begin PBXVariantGroup section */
		9D82EFA024AE7C7F00DB2173 /* Main.storyboard */ = {
			isa = PBXVariantGroup;
			children = (
				9D82EFA124AE7C7F00DB2173 /* Base */,
			);
			name = Main.storyboard;
			sourceTree = "<group>";
		};
		9D82EFA824AE7C8200DB2173 /* LaunchScreen.storyboard */ = {
			isa = PBXVariantGroup;
			children = (
				9D82EFA924AE7C8200DB2173 /* Base */,
			);
			name = LaunchScreen.storyboard;
			sourceTree = "<group>";
		};
/* End PBXVariantGroup section */

/* Begin XCBuildConfiguration section */
		9D82EFAC24AE7C8200DB2173 /* Debug */ = {
			isa = XCBuildConfiguration;
			buildSettings = {
				ALWAYS_SEARCH_USER_PATHS = NO;
				CLANG_ANALYZER_NONNULL = YES;
				CLANG_ANALYZER_NUMBER_OBJECT_CONVERSION = YES_AGGRESSIVE;
				CLANG_CXX_LANGUAGE_STANDARD = "gnu++14";
				CLANG_CXX_LIBRARY = "libc++";
				CLANG_ENABLE_MODULES = YES;
				CLANG_ENABLE_OBJC_ARC = YES;
				CLANG_ENABLE_OBJC_WEAK = YES;
				CLANG_WARN_BLOCK_CAPTURE_AUTORELEASING = YES;
				CLANG_WARN_BOOL_CONVERSION = YES;
				CLANG_WARN_COMMA = YES;
				CLANG_WARN_CONSTANT_CONVERSION = YES;
				CLANG_WARN_DEPRECATED_OBJC_IMPLEMENTATIONS = YES;
				CLANG_WARN_DIRECT_OBJC_ISA_USAGE = YES_ERROR;
				CLANG_WARN_DOCUMENTATION_COMMENTS = YES;
				CLANG_WARN_EMPTY_BODY = YES;
				CLANG_WARN_ENUM_CONVERSION = YES;
				CLANG_WARN_INFINITE_RECURSION = YES;
				CLANG_WARN_INT_CONVERSION = YES;
				CLANG_WARN_NON_LITERAL_NULL_CONVERSION = YES;
				CLANG_WARN_OBJC_IMPLICIT_RETAIN_SELF = YES;
				CLANG_WARN_OBJC_LITERAL_CONVERSION = YES;
				CLANG_WARN_OBJC_ROOT_CLASS = YES_ERROR;
				CLANG_WARN_RANGE_LOOP_ANALYSIS = YES;
				CLANG_WARN_STRICT_PROTOTYPES = YES;
				CLANG_WARN_SUSPICIOUS_MOVE = YES;
				CLANG_WARN_UNGUARDED_AVAILABILITY = YES_AGGRESSIVE;
				CLANG_WARN_UNREACHABLE_CODE = YES;
				CLANG_WARN__DUPLICATE_METHOD_MATCH = YES;
				COPY_PHASE_STRIP = NO;
				DEBUG_INFORMATION_FORMAT = dwarf;
				ENABLE_STRICT_OBJC_MSGSEND = YES;
				ENABLE_TESTABILITY = YES;
				GCC_C_LANGUAGE_STANDARD = gnu11;
				GCC_DYNAMIC_NO_PIC = NO;
				GCC_NO_COMMON_BLOCKS = YES;
				GCC_OPTIMIZATION_LEVEL = 0;
				GCC_PREPROCESSOR_DEFINITIONS = (
					"DEBUG=1",
					"$(inherited)",
				);
				GCC_WARN_64_TO_32_BIT_CONVERSION = YES;
				GCC_WARN_ABOUT_RETURN_TYPE = YES_ERROR;
				GCC_WARN_UNDECLARED_SELECTOR = YES;
				GCC_WARN_UNINITIALIZED_AUTOS = YES_AGGRESSIVE;
				GCC_WARN_UNUSED_FUNCTION = YES;
				GCC_WARN_UNUSED_VARIABLE = YES;
				IPHONEOS_DEPLOYMENT_TARGET = 13.4;
				MTL_ENABLE_DEBUG_INFO = INCLUDE_SOURCE;
				MTL_FAST_MATH = YES;
				ONLY_ACTIVE_ARCH = YES;
				SDKROOT = iphoneos;
				SWIFT_ACTIVE_COMPILATION_CONDITIONS = DEBUG;
				SWIFT_OPTIMIZATION_LEVEL = "-Onone";
			};
			name = Debug;
		};
		9D82EFAD24AE7C8200DB2173 /* Release */ = {
			isa = XCBuildConfiguration;
			buildSettings = {
				ALWAYS_SEARCH_USER_PATHS = NO;
				CLANG_ANALYZER_NONNULL = YES;
				CLANG_ANALYZER_NUMBER_OBJECT_CONVERSION = YES_AGGRESSIVE;
				CLANG_CXX_LANGUAGE_STANDARD = "gnu++14";
				CLANG_CXX_LIBRARY = "libc++";
				CLANG_ENABLE_MODULES = YES;
				CLANG_ENABLE_OBJC_ARC = YES;
				CLANG_ENABLE_OBJC_WEAK = YES;
				CLANG_WARN_BLOCK_CAPTURE_AUTORELEASING = YES;
				CLANG_WARN_BOOL_CONVERSION = YES;
				CLANG_WARN_COMMA = YES;
				CLANG_WARN_CONSTANT_CONVERSION = YES;
				CLANG_WARN_DEPRECATED_OBJC_IMPLEMENTATIONS = YES;
				CLANG_WARN_DIRECT_OBJC_ISA_USAGE = YES_ERROR;
				CLANG_WARN_DOCUMENTATION_COMMENTS = YES;
				CLANG_WARN_EMPTY_BODY = YES;
				CLANG_WARN_ENUM_CONVERSION = YES;
				CLANG_WARN_INFINITE_RECURSION = YES;
				CLANG_WARN_INT_CONVERSION = YES;
				CLANG_WARN_NON_LITERAL_NULL_CONVERSION = YES;
				CLANG_WARN_OBJC_IMPLICIT_RETAIN_SELF = YES;
				CLANG_WARN_OBJC_LITERAL_CONVERSION = YES;
				CLANG_WARN_OBJC_ROOT_CLASS = YES_ERROR;
				CLANG_WARN_RANGE_LOOP_ANALYSIS = YES;
				CLANG_WARN_STRICT_PROTOTYPES = YES;
				CLANG_WARN_SUSPICIOUS_MOVE = YES;
				CLANG_WARN_UNGUARDED_AVAILABILITY = YES_AGGRESSIVE;
				CLANG_WARN_UNREACHABLE_CODE = YES;
				CLANG_WARN__DUPLICATE_METHOD_MATCH = YES;
				COPY_PHASE_STRIP = NO;
				DEBUG_INFORMATION_FORMAT = "dwarf-with-dsym";
				ENABLE_NS_ASSERTIONS = NO;
				ENABLE_STRICT_OBJC_MSGSEND = YES;
				GCC_C_LANGUAGE_STANDARD = gnu11;
				GCC_NO_COMMON_BLOCKS = YES;
				GCC_WARN_64_TO_32_BIT_CONVERSION = YES;
				GCC_WARN_ABOUT_RETURN_TYPE = YES_ERROR;
				GCC_WARN_UNDECLARED_SELECTOR = YES;
				GCC_WARN_UNINITIALIZED_AUTOS = YES_AGGRESSIVE;
				GCC_WARN_UNUSED_FUNCTION = YES;
				GCC_WARN_UNUSED_VARIABLE = YES;
				IPHONEOS_DEPLOYMENT_TARGET = 13.4;
				MTL_ENABLE_DEBUG_INFO = NO;
				MTL_FAST_MATH = YES;
				SDKROOT = iphoneos;
				SWIFT_COMPILATION_MODE = wholemodule;
				SWIFT_OPTIMIZATION_LEVEL = "-O";
				VALIDATE_PRODUCT = YES;
			};
			name = Release;
		};
		9D82EFAF24AE7C8200DB2173 /* Debug */ = {
			isa = XCBuildConfiguration;
			baseConfigurationReference = 77205EC57EC04F33A81AC07D /* Pods-HackTIM.debug.xcconfig */;
			buildSettings = {
				ASSETCATALOG_COMPILER_APPICON_NAME = AppIcon;
				CODE_SIGN_STYLE = Automatic;
				DEVELOPMENT_TEAM = 6N2E7838FG;
				INFOPLIST_FILE = HackTIM/Info.plist;
				LD_RUNPATH_SEARCH_PATHS = (
					"$(inherited)",
					"@executable_path/Frameworks",
				);
				PRODUCT_BUNDLE_IDENTIFIER = Hackaton.HackTIM;
				PRODUCT_NAME = "$(TARGET_NAME)";
				SWIFT_VERSION = 5.0;
				TARGETED_DEVICE_FAMILY = "1,2";
			};
			name = Debug;
		};
		9D82EFB024AE7C8200DB2173 /* Release */ = {
			isa = XCBuildConfiguration;
			baseConfigurationReference = DECCBC875B14D82C0943B544 /* Pods-HackTIM.release.xcconfig */;
			buildSettings = {
				ASSETCATALOG_COMPILER_APPICON_NAME = AppIcon;
				CODE_SIGN_STYLE = Automatic;
				DEVELOPMENT_TEAM = 6N2E7838FG;
				INFOPLIST_FILE = HackTIM/Info.plist;
				LD_RUNPATH_SEARCH_PATHS = (
					"$(inherited)",
					"@executable_path/Frameworks",
				);
				PRODUCT_BUNDLE_IDENTIFIER = Hackaton.HackTIM;
				PRODUCT_NAME = "$(TARGET_NAME)";
				SWIFT_VERSION = 5.0;
				TARGETED_DEVICE_FAMILY = "1,2";
			};
			name = Release;
		};
/* End XCBuildConfiguration section */

/* Begin XCConfigurationList section */
		9D82EF9224AE7C7F00DB2173 /* Build configuration list for PBXProject "HackTIM" */ = {
			isa = XCConfigurationList;
			buildConfigurations = (
				9D82EFAC24AE7C8200DB2173 /* Debug */,
				9D82EFAD24AE7C8200DB2173 /* Release */,
			);
			defaultConfigurationIsVisible = 0;
			defaultConfigurationName = Release;
		};
		9D82EFAE24AE7C8200DB2173 /* Build configuration list for PBXNativeTarget "HackTIM" */ = {
			isa = XCConfigurationList;
			buildConfigurations = (
				9D82EFAF24AE7C8200DB2173 /* Debug */,
				9D82EFB024AE7C8200DB2173 /* Release */,
			);
			defaultConfigurationIsVisible = 0;
			defaultConfigurationName = Release;
		};
/* End XCConfigurationList section */

/* Begin XCVersionGroup section */
		9D82EFA324AE7C7F00DB2173 /* HackTIM.xcdatamodeld */ = {
			isa = XCVersionGroup;
			children = (
				9D82EFA424AE7C7F00DB2173 /* HackTIM.xcdatamodel */,
			);
			currentVersion = 9D82EFA424AE7C7F00DB2173 /* HackTIM.xcdatamodel */;
			path = HackTIM.xcdatamodeld;
			sourceTree = "<group>";
			versionGroupType = wrapper.xcdatamodel;
		};
/* End XCVersionGroup section */
	};
	rootObject = 9D82EF8F24AE7C7F00DB2173 /* Project object */;
}
