// !$*UTF8*$!
{
	archiveVersion = 1;
	classes = {
	};
	objectVersion = 50;
	objects = {

/* Begin PBXBuildFile section */
		8D942F4024B1B0970085AE9A /* ModalViewController.swift in Sources */ = {isa = PBXBuildFile; fileRef = 8D942F3F24B1B0970085AE9A /* ModalViewController.swift */; };
		8D942F4224B20B660085AE9A /* APIModel.swift in Sources */ = {isa = PBXBuildFile; fileRef = 8D942F4124B20B660085AE9A /* APIModel.swift */; };
		8DD20A2F24B0CA0A00B733C9 /* AppDelegate.swift in Sources */ = {isa = PBXBuildFile; fileRef = 8DD20A2E24B0CA0A00B733C9 /* AppDelegate.swift */; };
		8DD20A3124B0CA0A00B733C9 /* SceneDelegate.swift in Sources */ = {isa = PBXBuildFile; fileRef = 8DD20A3024B0CA0A00B733C9 /* SceneDelegate.swift */; };
		8DD20A3324B0CA0A00B733C9 /* ViewController.swift in Sources */ = {isa = PBXBuildFile; fileRef = 8DD20A3224B0CA0A00B733C9 /* ViewController.swift */; };
		8DD20A3624B0CA0A00B733C9 /* Main.storyboard in Resources */ = {isa = PBXBuildFile; fileRef = 8DD20A3424B0CA0A00B733C9 /* Main.storyboard */; };
		8DD20A3824B0CA0B00B733C9 /* Assets.xcassets in Resources */ = {isa = PBXBuildFile; fileRef = 8DD20A3724B0CA0B00B733C9 /* Assets.xcassets */; };
		8DD20A3B24B0CA0B00B733C9 /* LaunchScreen.storyboard in Resources */ = {isa = PBXBuildFile; fileRef = 8DD20A3924B0CA0B00B733C9 /* LaunchScreen.storyboard */; };
		8DD20A5824B1AE0100B733C9 /* PanModalPresentable+Defaults.swift in Sources */ = {isa = PBXBuildFile; fileRef = 8DD20A4424B1AE0100B733C9 /* PanModalPresentable+Defaults.swift */; };
		8DD20A5924B1AE0100B733C9 /* PanModalPresentable.swift in Sources */ = {isa = PBXBuildFile; fileRef = 8DD20A4524B1AE0100B733C9 /* PanModalPresentable.swift */; };
		8DD20A5A24B1AE0100B733C9 /* PanModalPresentable+LayoutHelpers.swift in Sources */ = {isa = PBXBuildFile; fileRef = 8DD20A4624B1AE0100B733C9 /* PanModalPresentable+LayoutHelpers.swift */; };
		8DD20A5B24B1AE0100B733C9 /* PanModalHeight.swift in Sources */ = {isa = PBXBuildFile; fileRef = 8DD20A4724B1AE0100B733C9 /* PanModalHeight.swift */; };
		8DD20A5C24B1AE0100B733C9 /* PanModalPresentable+UIViewController.swift in Sources */ = {isa = PBXBuildFile; fileRef = 8DD20A4824B1AE0100B733C9 /* PanModalPresentable+UIViewController.swift */; };
		8DD20A5D24B1AE0100B733C9 /* UIViewController+PanModalPresenter.swift in Sources */ = {isa = PBXBuildFile; fileRef = 8DD20A4B24B1AE0100B733C9 /* UIViewController+PanModalPresenter.swift */; };
		8DD20A5E24B1AE0100B733C9 /* PanModalPresenter.swift in Sources */ = {isa = PBXBuildFile; fileRef = 8DD20A4C24B1AE0100B733C9 /* PanModalPresenter.swift */; };
		8DD20A5F24B1AE0100B733C9 /* PanModalPresentationDelegate.swift in Sources */ = {isa = PBXBuildFile; fileRef = 8DD20A4E24B1AE0100B733C9 /* PanModalPresentationDelegate.swift */; };
		8DD20A6024B1AE0100B733C9 /* PanModalAnimator.swift in Sources */ = {isa = PBXBuildFile; fileRef = 8DD20A5024B1AE0100B733C9 /* PanModalAnimator.swift */; };
		8DD20A6124B1AE0100B733C9 /* PanModalPresentationAnimator.swift in Sources */ = {isa = PBXBuildFile; fileRef = 8DD20A5124B1AE0100B733C9 /* PanModalPresentationAnimator.swift */; };
		8DD20A6224B1AE0100B733C9 /* PanModalPresentationController.swift in Sources */ = {isa = PBXBuildFile; fileRef = 8DD20A5324B1AE0100B733C9 /* PanModalPresentationController.swift */; };
		8DD20A6324B1AE0100B733C9 /* PanContainerView.swift in Sources */ = {isa = PBXBuildFile; fileRef = 8DD20A5524B1AE0100B733C9 /* PanContainerView.swift */; };
		8DD20A6424B1AE0100B733C9 /* DimmedView.swift in Sources */ = {isa = PBXBuildFile; fileRef = 8DD20A5624B1AE0100B733C9 /* DimmedView.swift */; };
/* End PBXBuildFile section */

/* Begin PBXFileReference section */
		8D942F3F24B1B0970085AE9A /* ModalViewController.swift */ = {isa = PBXFileReference; lastKnownFileType = sourcecode.swift; path = ModalViewController.swift; sourceTree = "<group>"; };
		8D942F4124B20B660085AE9A /* APIModel.swift */ = {isa = PBXFileReference; fileEncoding = 4; lastKnownFileType = sourcecode.swift; path = APIModel.swift; sourceTree = "<group>"; };
		8DD20A2B24B0CA0A00B733C9 /* TIMHackaton.app */ = {isa = PBXFileReference; explicitFileType = wrapper.application; includeInIndex = 0; path = TIMHackaton.app; sourceTree = BUILT_PRODUCTS_DIR; };
		8DD20A2E24B0CA0A00B733C9 /* AppDelegate.swift */ = {isa = PBXFileReference; lastKnownFileType = sourcecode.swift; path = AppDelegate.swift; sourceTree = "<group>"; };
		8DD20A3024B0CA0A00B733C9 /* SceneDelegate.swift */ = {isa = PBXFileReference; lastKnownFileType = sourcecode.swift; path = SceneDelegate.swift; sourceTree = "<group>"; };
		8DD20A3224B0CA0A00B733C9 /* ViewController.swift */ = {isa = PBXFileReference; lastKnownFileType = sourcecode.swift; path = ViewController.swift; sourceTree = "<group>"; };
		8DD20A3524B0CA0A00B733C9 /* Base */ = {isa = PBXFileReference; lastKnownFileType = file.storyboard; name = Base; path = Base.lproj/Main.storyboard; sourceTree = "<group>"; };
		8DD20A3724B0CA0B00B733C9 /* Assets.xcassets */ = {isa = PBXFileReference; lastKnownFileType = folder.assetcatalog; path = Assets.xcassets; sourceTree = "<group>"; };
		8DD20A3A24B0CA0B00B733C9 /* Base */ = {isa = PBXFileReference; lastKnownFileType = file.storyboard; name = Base; path = Base.lproj/LaunchScreen.storyboard; sourceTree = "<group>"; };
		8DD20A3C24B0CA0B00B733C9 /* Info.plist */ = {isa = PBXFileReference; lastKnownFileType = text.plist.xml; path = Info.plist; sourceTree = "<group>"; };
		8DD20A4424B1AE0100B733C9 /* PanModalPresentable+Defaults.swift */ = {isa = PBXFileReference; fileEncoding = 4; lastKnownFileType = sourcecode.swift; path = "PanModalPresentable+Defaults.swift"; sourceTree = "<group>"; };
		8DD20A4524B1AE0100B733C9 /* PanModalPresentable.swift */ = {isa = PBXFileReference; fileEncoding = 4; lastKnownFileType = sourcecode.swift; path = PanModalPresentable.swift; sourceTree = "<group>"; };
		8DD20A4624B1AE0100B733C9 /* PanModalPresentable+LayoutHelpers.swift */ = {isa = PBXFileReference; fileEncoding = 4; lastKnownFileType = sourcecode.swift; path = "PanModalPresentable+LayoutHelpers.swift"; sourceTree = "<group>"; };
		8DD20A4724B1AE0100B733C9 /* PanModalHeight.swift */ = {isa = PBXFileReference; fileEncoding = 4; lastKnownFileType = sourcecode.swift; path = PanModalHeight.swift; sourceTree = "<group>"; };
		8DD20A4824B1AE0100B733C9 /* PanModalPresentable+UIViewController.swift */ = {isa = PBXFileReference; fileEncoding = 4; lastKnownFileType = sourcecode.swift; path = "PanModalPresentable+UIViewController.swift"; sourceTree = "<group>"; };
		8DD20A4924B1AE0100B733C9 /* PanModal.h */ = {isa = PBXFileReference; fileEncoding = 4; lastKnownFileType = sourcecode.c.h; path = PanModal.h; sourceTree = "<group>"; };
		8DD20A4B24B1AE0100B733C9 /* UIViewController+PanModalPresenter.swift */ = {isa = PBXFileReference; fileEncoding = 4; lastKnownFileType = sourcecode.swift; path = "UIViewController+PanModalPresenter.swift"; sourceTree = "<group>"; };
		8DD20A4C24B1AE0100B733C9 /* PanModalPresenter.swift */ = {isa = PBXFileReference; fileEncoding = 4; lastKnownFileType = sourcecode.swift; path = PanModalPresenter.swift; sourceTree = "<group>"; };
		8DD20A4E24B1AE0100B733C9 /* PanModalPresentationDelegate.swift */ = {isa = PBXFileReference; fileEncoding = 4; lastKnownFileType = sourcecode.swift; path = PanModalPresentationDelegate.swift; sourceTree = "<group>"; };
		8DD20A5024B1AE0100B733C9 /* PanModalAnimator.swift */ = {isa = PBXFileReference; fileEncoding = 4; lastKnownFileType = sourcecode.swift; path = PanModalAnimator.swift; sourceTree = "<group>"; };
		8DD20A5124B1AE0100B733C9 /* PanModalPresentationAnimator.swift */ = {isa = PBXFileReference; fileEncoding = 4; lastKnownFileType = sourcecode.swift; path = PanModalPresentationAnimator.swift; sourceTree = "<group>"; };
		8DD20A5324B1AE0100B733C9 /* PanModalPresentationController.swift */ = {isa = PBXFileReference; fileEncoding = 4; lastKnownFileType = sourcecode.swift; path = PanModalPresentationController.swift; sourceTree = "<group>"; };
		8DD20A5524B1AE0100B733C9 /* PanContainerView.swift */ = {isa = PBXFileReference; fileEncoding = 4; lastKnownFileType = sourcecode.swift; path = PanContainerView.swift; sourceTree = "<group>"; };
		8DD20A5624B1AE0100B733C9 /* DimmedView.swift */ = {isa = PBXFileReference; fileEncoding = 4; lastKnownFileType = sourcecode.swift; path = DimmedView.swift; sourceTree = "<group>"; };
		8DD20A5724B1AE0100B733C9 /* Info.plist */ = {isa = PBXFileReference; fileEncoding = 4; lastKnownFileType = text.plist.xml; path = Info.plist; sourceTree = "<group>"; };
/* End PBXFileReference section */

/* Begin PBXFrameworksBuildPhase section */
		8DD20A2824B0CA0A00B733C9 /* Frameworks */ = {
			isa = PBXFrameworksBuildPhase;
			buildActionMask = 2147483647;
			files = (
			);
			runOnlyForDeploymentPostprocessing = 0;
		};
/* End PBXFrameworksBuildPhase section */

/* Begin PBXGroup section */
		8DD20A2224B0CA0A00B733C9 = {
			isa = PBXGroup;
			children = (
				8DD20A2D24B0CA0A00B733C9 /* TIMHackaton */,
				8DD20A2C24B0CA0A00B733C9 /* Products */,
			);
			sourceTree = "<group>";
		};
		8DD20A2C24B0CA0A00B733C9 /* Products */ = {
			isa = PBXGroup;
			children = (
				8DD20A2B24B0CA0A00B733C9 /* TIMHackaton.app */,
			);
			name = Products;
			sourceTree = "<group>";
		};
		8DD20A2D24B0CA0A00B733C9 /* TIMHackaton */ = {
			isa = PBXGroup;
			children = (
				8DD20A2E24B0CA0A00B733C9 /* AppDelegate.swift */,
				8DD20A3024B0CA0A00B733C9 /* SceneDelegate.swift */,
				8DD20A3224B0CA0A00B733C9 /* ViewController.swift */,
				8D942F4124B20B660085AE9A /* APIModel.swift */,
				8D942F3F24B1B0970085AE9A /* ModalViewController.swift */,
				8DD20A4224B1AE0100B733C9 /* PanModal */,
				8DD20A3424B0CA0A00B733C9 /* Main.storyboard */,
				8DD20A3724B0CA0B00B733C9 /* Assets.xcassets */,
				8DD20A3924B0CA0B00B733C9 /* LaunchScreen.storyboard */,
				8DD20A3C24B0CA0B00B733C9 /* Info.plist */,
			);
			path = TIMHackaton;
			sourceTree = "<group>";
		};
		8DD20A4224B1AE0100B733C9 /* PanModal */ = {
			isa = PBXGroup;
			children = (
				8DD20A4324B1AE0100B733C9 /* Presentable */,
				8DD20A4924B1AE0100B733C9 /* PanModal.h */,
				8DD20A4A24B1AE0100B733C9 /* Presenter */,
				8DD20A4D24B1AE0100B733C9 /* Delegate */,
				8DD20A4F24B1AE0100B733C9 /* Animator */,
				8DD20A5224B1AE0100B733C9 /* Controller */,
				8DD20A5424B1AE0100B733C9 /* View */,
				8DD20A5724B1AE0100B733C9 /* Info.plist */,
			);
			path = PanModal;
			sourceTree = "<group>";
		};
		8DD20A4324B1AE0100B733C9 /* Presentable */ = {
			isa = PBXGroup;
			children = (
				8DD20A4424B1AE0100B733C9 /* PanModalPresentable+Defaults.swift */,
				8DD20A4524B1AE0100B733C9 /* PanModalPresentable.swift */,
				8DD20A4624B1AE0100B733C9 /* PanModalPresentable+LayoutHelpers.swift */,
				8DD20A4724B1AE0100B733C9 /* PanModalHeight.swift */,
				8DD20A4824B1AE0100B733C9 /* PanModalPresentable+UIViewController.swift */,
			);
			path = Presentable;
			sourceTree = "<group>";
		};
		8DD20A4A24B1AE0100B733C9 /* Presenter */ = {
			isa = PBXGroup;
			children = (
				8DD20A4B24B1AE0100B733C9 /* UIViewController+PanModalPresenter.swift */,
				8DD20A4C24B1AE0100B733C9 /* PanModalPresenter.swift */,
			);
			path = Presenter;
			sourceTree = "<group>";
		};
		8DD20A4D24B1AE0100B733C9 /* Delegate */ = {
			isa = PBXGroup;
			children = (
				8DD20A4E24B1AE0100B733C9 /* PanModalPresentationDelegate.swift */,
			);
			path = Delegate;
			sourceTree = "<group>";
		};
		8DD20A4F24B1AE0100B733C9 /* Animator */ = {
			isa = PBXGroup;
			children = (
				8DD20A5024B1AE0100B733C9 /* PanModalAnimator.swift */,
				8DD20A5124B1AE0100B733C9 /* PanModalPresentationAnimator.swift */,
			);
			path = Animator;
			sourceTree = "<group>";
		};
		8DD20A5224B1AE0100B733C9 /* Controller */ = {
			isa = PBXGroup;
			children = (
				8DD20A5324B1AE0100B733C9 /* PanModalPresentationController.swift */,
			);
			path = Controller;
			sourceTree = "<group>";
		};
		8DD20A5424B1AE0100B733C9 /* View */ = {
			isa = PBXGroup;
			children = (
				8DD20A5524B1AE0100B733C9 /* PanContainerView.swift */,
				8DD20A5624B1AE0100B733C9 /* DimmedView.swift */,
			);
			path = View;
			sourceTree = "<group>";
		};
/* End PBXGroup section */

/* Begin PBXNativeTarget section */
		8DD20A2A24B0CA0A00B733C9 /* TIMHackaton */ = {
			isa = PBXNativeTarget;
			buildConfigurationList = 8DD20A3F24B0CA0B00B733C9 /* Build configuration list for PBXNativeTarget "TIMHackaton" */;
			buildPhases = (
				8DD20A2724B0CA0A00B733C9 /* Sources */,
				8DD20A2824B0CA0A00B733C9 /* Frameworks */,
				8DD20A2924B0CA0A00B733C9 /* Resources */,
			);
			buildRules = (
			);
			dependencies = (
			);
			name = TIMHackaton;
			productName = TIMHackaton;
			productReference = 8DD20A2B24B0CA0A00B733C9 /* TIMHackaton.app */;
			productType = "com.apple.product-type.application";
		};
/* End PBXNativeTarget section */

/* Begin PBXProject section */
		8DD20A2324B0CA0A00B733C9 /* Project object */ = {
			isa = PBXProject;
			attributes = {
				LastSwiftUpdateCheck = 1150;
				LastUpgradeCheck = 1150;
				ORGANIZATIONNAME = "Giovanni Erpete";
				TargetAttributes = {
					8DD20A2A24B0CA0A00B733C9 = {
						CreatedOnToolsVersion = 11.5;
					};
				};
			};
			buildConfigurationList = 8DD20A2624B0CA0A00B733C9 /* Build configuration list for PBXProject "TIMHackaton" */;
			compatibilityVersion = "Xcode 9.3";
			developmentRegion = en;
			hasScannedForEncodings = 0;
			knownRegions = (
				en,
				Base,
			);
			mainGroup = 8DD20A2224B0CA0A00B733C9;
			productRefGroup = 8DD20A2C24B0CA0A00B733C9 /* Products */;
			projectDirPath = "";
			projectRoot = "";
			targets = (
				8DD20A2A24B0CA0A00B733C9 /* TIMHackaton */,
			);
		};
/* End PBXProject section */

/* Begin PBXResourcesBuildPhase section */
		8DD20A2924B0CA0A00B733C9 /* Resources */ = {
			isa = PBXResourcesBuildPhase;
			buildActionMask = 2147483647;
			files = (
				8DD20A3B24B0CA0B00B733C9 /* LaunchScreen.storyboard in Resources */,
				8DD20A3824B0CA0B00B733C9 /* Assets.xcassets in Resources */,
				8DD20A3624B0CA0A00B733C9 /* Main.storyboard in Resources */,
			);
			runOnlyForDeploymentPostprocessing = 0;
		};
/* End PBXResourcesBuildPhase section */

/* Begin PBXSourcesBuildPhase section */
		8DD20A2724B0CA0A00B733C9 /* Sources */ = {
			isa = PBXSourcesBuildPhase;
			buildActionMask = 2147483647;
			files = (
				8DD20A6124B1AE0100B733C9 /* PanModalPresentationAnimator.swift in Sources */,
				8DD20A3324B0CA0A00B733C9 /* ViewController.swift in Sources */,
				8DD20A5B24B1AE0100B733C9 /* PanModalHeight.swift in Sources */,
				8DD20A5E24B1AE0100B733C9 /* PanModalPresenter.swift in Sources */,
				8DD20A5924B1AE0100B733C9 /* PanModalPresentable.swift in Sources */,
				8DD20A6324B1AE0100B733C9 /* PanContainerView.swift in Sources */,
				8D942F4024B1B0970085AE9A /* ModalViewController.swift in Sources */,
				8DD20A6424B1AE0100B733C9 /* DimmedView.swift in Sources */,
				8DD20A6024B1AE0100B733C9 /* PanModalAnimator.swift in Sources */,
				8DD20A5F24B1AE0100B733C9 /* PanModalPresentationDelegate.swift in Sources */,
				8D942F4224B20B660085AE9A /* APIModel.swift in Sources */,
				8DD20A5824B1AE0100B733C9 /* PanModalPresentable+Defaults.swift in Sources */,
				8DD20A2F24B0CA0A00B733C9 /* AppDelegate.swift in Sources */,
				8DD20A3124B0CA0A00B733C9 /* SceneDelegate.swift in Sources */,
				8DD20A5C24B1AE0100B733C9 /* PanModalPresentable+UIViewController.swift in Sources */,
				8DD20A6224B1AE0100B733C9 /* PanModalPresentationController.swift in Sources */,
				8DD20A5D24B1AE0100B733C9 /* UIViewController+PanModalPresenter.swift in Sources */,
				8DD20A5A24B1AE0100B733C9 /* PanModalPresentable+LayoutHelpers.swift in Sources */,
			);
			runOnlyForDeploymentPostprocessing = 0;
		};
/* End PBXSourcesBuildPhase section */

/* Begin PBXVariantGroup section */
		8DD20A3424B0CA0A00B733C9 /* Main.storyboard */ = {
			isa = PBXVariantGroup;
			children = (
				8DD20A3524B0CA0A00B733C9 /* Base */,
			);
			name = Main.storyboard;
			sourceTree = "<group>";
		};
		8DD20A3924B0CA0B00B733C9 /* LaunchScreen.storyboard */ = {
			isa = PBXVariantGroup;
			children = (
				8DD20A3A24B0CA0B00B733C9 /* Base */,
			);
			name = LaunchScreen.storyboard;
			sourceTree = "<group>";
		};
/* End PBXVariantGroup section */

/* Begin XCBuildConfiguration section */
		8DD20A3D24B0CA0B00B733C9 /* Debug */ = {
			isa = XCBuildConfiguration;
			buildSettings = {
				ALWAYS_SEARCH_USER_PATHS = NO;
				CLANG_ANALYZER_NONNULL = YES;
				CLANG_ANALYZER_NUMBER_OBJECT_CONVERSION = YES_AGGRESSIVE;
				CLANG_CXX_LANGUAGE_STANDARD = "gnu++14";
				CLANG_CXX_LIBRARY = "libc++";
				CLANG_ENABLE_MODULES = YES;
				CLANG_ENABLE_OBJC_ARC = YES;
				CLANG_ENABLE_OBJC_WEAK = YES;
				CLANG_WARN_BLOCK_CAPTURE_AUTORELEASING = YES;
				CLANG_WARN_BOOL_CONVERSION = YES;
				CLANG_WARN_COMMA = YES;
				CLANG_WARN_CONSTANT_CONVERSION = YES;
				CLANG_WARN_DEPRECATED_OBJC_IMPLEMENTATIONS = YES;
				CLANG_WARN_DIRECT_OBJC_ISA_USAGE = YES_ERROR;
				CLANG_WARN_DOCUMENTATION_COMMENTS = YES;
				CLANG_WARN_EMPTY_BODY = YES;
				CLANG_WARN_ENUM_CONVERSION = YES;
				CLANG_WARN_INFINITE_RECURSION = YES;
				CLANG_WARN_INT_CONVERSION = YES;
				CLANG_WARN_NON_LITERAL_NULL_CONVERSION = YES;
				CLANG_WARN_OBJC_IMPLICIT_RETAIN_SELF = YES;
				CLANG_WARN_OBJC_LITERAL_CONVERSION = YES;
				CLANG_WARN_OBJC_ROOT_CLASS = YES_ERROR;
				CLANG_WARN_RANGE_LOOP_ANALYSIS = YES;
				CLANG_WARN_STRICT_PROTOTYPES = YES;
				CLANG_WARN_SUSPICIOUS_MOVE = YES;
				CLANG_WARN_UNGUARDED_AVAILABILITY = YES_AGGRESSIVE;
				CLANG_WARN_UNREACHABLE_CODE = YES;
				CLANG_WARN__DUPLICATE_METHOD_MATCH = YES;
				COPY_PHASE_STRIP = NO;
				DEBUG_INFORMATION_FORMAT = dwarf;
				ENABLE_STRICT_OBJC_MSGSEND = YES;
				ENABLE_TESTABILITY = YES;
				GCC_C_LANGUAGE_STANDARD = gnu11;
				GCC_DYNAMIC_NO_PIC = NO;
				GCC_NO_COMMON_BLOCKS = YES;
				GCC_OPTIMIZATION_LEVEL = 0;
				GCC_PREPROCESSOR_DEFINITIONS = (
					"DEBUG=1",
					"$(inherited)",
				);
				GCC_WARN_64_TO_32_BIT_CONVERSION = YES;
				GCC_WARN_ABOUT_RETURN_TYPE = YES_ERROR;
				GCC_WARN_UNDECLARED_SELECTOR = YES;
				GCC_WARN_UNINITIALIZED_AUTOS = YES_AGGRESSIVE;
				GCC_WARN_UNUSED_FUNCTION = YES;
				GCC_WARN_UNUSED_VARIABLE = YES;
				IPHONEOS_DEPLOYMENT_TARGET = 13.5;
				MTL_ENABLE_DEBUG_INFO = INCLUDE_SOURCE;
				MTL_FAST_MATH = YES;
				ONLY_ACTIVE_ARCH = YES;
				SDKROOT = iphoneos;
				SWIFT_ACTIVE_COMPILATION_CONDITIONS = DEBUG;
				SWIFT_OPTIMIZATION_LEVEL = "-Onone";
			};
			name = Debug;
		};
		8DD20A3E24B0CA0B00B733C9 /* Release */ = {
			isa = XCBuildConfiguration;
			buildSettings = {
				ALWAYS_SEARCH_USER_PATHS = NO;
				CLANG_ANALYZER_NONNULL = YES;
				CLANG_ANALYZER_NUMBER_OBJECT_CONVERSION = YES_AGGRESSIVE;
				CLANG_CXX_LANGUAGE_STANDARD = "gnu++14";
				CLANG_CXX_LIBRARY = "libc++";
				CLANG_ENABLE_MODULES = YES;
				CLANG_ENABLE_OBJC_ARC = YES;
				CLANG_ENABLE_OBJC_WEAK = YES;
				CLANG_WARN_BLOCK_CAPTURE_AUTORELEASING = YES;
				CLANG_WARN_BOOL_CONVERSION = YES;
				CLANG_WARN_COMMA = YES;
				CLANG_WARN_CONSTANT_CONVERSION = YES;
				CLANG_WARN_DEPRECATED_OBJC_IMPLEMENTATIONS = YES;
				CLANG_WARN_DIRECT_OBJC_ISA_USAGE = YES_ERROR;
				CLANG_WARN_DOCUMENTATION_COMMENTS = YES;
				CLANG_WARN_EMPTY_BODY = YES;
				CLANG_WARN_ENUM_CONVERSION = YES;
				CLANG_WARN_INFINITE_RECURSION = YES;
				CLANG_WARN_INT_CONVERSION = YES;
				CLANG_WARN_NON_LITERAL_NULL_CONVERSION = YES;
				CLANG_WARN_OBJC_IMPLICIT_RETAIN_SELF = YES;
				CLANG_WARN_OBJC_LITERAL_CONVERSION = YES;
				CLANG_WARN_OBJC_ROOT_CLASS = YES_ERROR;
				CLANG_WARN_RANGE_LOOP_ANALYSIS = YES;
				CLANG_WARN_STRICT_PROTOTYPES = YES;
				CLANG_WARN_SUSPICIOUS_MOVE = YES;
				CLANG_WARN_UNGUARDED_AVAILABILITY = YES_AGGRESSIVE;
				CLANG_WARN_UNREACHABLE_CODE = YES;
				CLANG_WARN__DUPLICATE_METHOD_MATCH = YES;
				COPY_PHASE_STRIP = NO;
				DEBUG_INFORMATION_FORMAT = "dwarf-with-dsym";
				ENABLE_NS_ASSERTIONS = NO;
				ENABLE_STRICT_OBJC_MSGSEND = YES;
				GCC_C_LANGUAGE_STANDARD = gnu11;
				GCC_NO_COMMON_BLOCKS = YES;
				GCC_WARN_64_TO_32_BIT_CONVERSION = YES;
				GCC_WARN_ABOUT_RETURN_TYPE = YES_ERROR;
				GCC_WARN_UNDECLARED_SELECTOR = YES;
				GCC_WARN_UNINITIALIZED_AUTOS = YES_AGGRESSIVE;
				GCC_WARN_UNUSED_FUNCTION = YES;
				GCC_WARN_UNUSED_VARIABLE = YES;
				IPHONEOS_DEPLOYMENT_TARGET = 13.5;
				MTL_ENABLE_DEBUG_INFO = NO;
				MTL_FAST_MATH = YES;
				SDKROOT = iphoneos;
				SWIFT_COMPILATION_MODE = wholemodule;
				SWIFT_OPTIMIZATION_LEVEL = "-O";
				VALIDATE_PRODUCT = YES;
			};
			name = Release;
		};
		8DD20A4024B0CA0B00B733C9 /* Debug */ = {
			isa = XCBuildConfiguration;
			buildSettings = {
				ASSETCATALOG_COMPILER_APPICON_NAME = AppIcon;
				CODE_SIGN_STYLE = Automatic;
				DEVELOPMENT_TEAM = W6XR24989A;
				INFOPLIST_FILE = TIMHackaton/Info.plist;
				LD_RUNPATH_SEARCH_PATHS = (
					"$(inherited)",
					"@executable_path/Frameworks",
				);
				PRODUCT_BUNDLE_IDENTIFIER = Giovanni.TIMHackaton;
				PRODUCT_NAME = "$(TARGET_NAME)";
				SWIFT_VERSION = 5.0;
				TARGETED_DEVICE_FAMILY = "1,2";
			};
			name = Debug;
		};
		8DD20A4124B0CA0B00B733C9 /* Release */ = {
			isa = XCBuildConfiguration;
			buildSettings = {
				ASSETCATALOG_COMPILER_APPICON_NAME = AppIcon;
				CODE_SIGN_STYLE = Automatic;
				DEVELOPMENT_TEAM = W6XR24989A;
				INFOPLIST_FILE = TIMHackaton/Info.plist;
				LD_RUNPATH_SEARCH_PATHS = (
					"$(inherited)",
					"@executable_path/Frameworks",
				);
				PRODUCT_BUNDLE_IDENTIFIER = Giovanni.TIMHackaton;
				PRODUCT_NAME = "$(TARGET_NAME)";
				SWIFT_VERSION = 5.0;
				TARGETED_DEVICE_FAMILY = "1,2";
			};
			name = Release;
		};
/* End XCBuildConfiguration section */

/* Begin XCConfigurationList section */
		8DD20A2624B0CA0A00B733C9 /* Build configuration list for PBXProject "TIMHackaton" */ = {
			isa = XCConfigurationList;
			buildConfigurations = (
				8DD20A3D24B0CA0B00B733C9 /* Debug */,
				8DD20A3E24B0CA0B00B733C9 /* Release */,
			);
			defaultConfigurationIsVisible = 0;
			defaultConfigurationName = Release;
		};
		8DD20A3F24B0CA0B00B733C9 /* Build configuration list for PBXNativeTarget "TIMHackaton" */ = {
			isa = XCConfigurationList;
			buildConfigurations = (
				8DD20A4024B0CA0B00B733C9 /* Debug */,
				8DD20A4124B0CA0B00B733C9 /* Release */,
			);
			defaultConfigurationIsVisible = 0;
			defaultConfigurationName = Release;
		};
/* End XCConfigurationList section */
	};
	rootObject = 8DD20A2324B0CA0A00B733C9 /* Project object */;
}
